
Microsoft Visual Studio Solution File, Format Version 12.00
# Visual Studio Version 17
VisualStudioVersion = 17.14.36203.30
MinimumVisualStudioVersion = 10.0.40219.1
Project("{FAE04EC0-301F-11D3-BF4B-00C04F79EFBC}") = "WinForms_EntityFramework", "WinForms_EntityFramework.csproj", "{0D91A557-89C9-4F9A-BCDE-BE3C8A6F794C}"
EndProject
Global
	GlobalSection(SolutionConfigurationPlatforms) = preSolution
		Debug|Any CPU = Debug|Any CPU
		Release|Any CPU = Release|Any CPU
	EndGlobalSection
	GlobalSection(ProjectConfigurationPlatforms) = postSolution
		{0D91A557-89C9-4F9A-BCDE-BE3C8A6F794C}.Debug|Any CPU.ActiveCfg = Debug|Any CPU
		{0D91A557-89C9-4F9A-BCDE-BE3C8A6F794C}.Debug|Any CPU.Build.0 = Debug|Any CPU
		{0D91A557-89C9-4F9A-BCDE-BE3C8A6F794C}.Release|Any CPU.ActiveCfg = Release|Any CPU
		{0D91A557-89C9-4F9A-BCDE-BE3C8A6F794C}.Release|Any CPU.Build.0 = Release|Any CPU
	EndGlobalSection
	GlobalSection(SolutionProperties) = preSolution
		HideSolutionNode = FALSE
	EndGlobalSection
	GlobalSection(ExtensibilityGlobals) = postSolution
		SolutionGuid = {AC947DBB-1544-4952-B26E-A2E598B19638}
	EndGlobalSection
EndGlobal
